
Microsoft Visual Studio Solution File, Format Version 12.00
# Visual Studio 14
VisualStudioVersion = 14.0.25420.1
MinimumVisualStudioVersion = 10.0.40219.1
Project("{2150E333-8FDC-42A3-9474-1A3956D46DE8}") = "src", "src", "{9BF2AF5F-FA46-4148-86D1-29698F76C68E}"
EndProject
Project("{2150E333-8FDC-42A3-9474-1A3956D46DE8}") = "test", "test", "{3E05ED02-B975-4F37-9A98-8B893C13483A}"
EndProject
Project("{FAE04EC0-301F-11D3-BF4B-00C04F79EFBC}") = "DynamicConfigurator.Client.Test", "test\DynamicConfigurator.Client.Test\DynamicConfigurator.Client.Test.csproj", "{4EEEDFD1-F40C-4FC8-AF19-28FBB91940E3}"
EndProject
Project("{FAE04EC0-301F-11D3-BF4B-00C04F79EFBC}") = "DynamicConfigurator.Server.Test", "test\DynamicConfigurator.Server.Test\DynamicConfigurator.Server.Test.csproj", "{B35ABE5E-BA8B-4B85-A1E2-4C6CA387CCBA}"
EndProject
Project("{FAE04EC0-301F-11D3-BF4B-00C04F79EFBC}") = "DynamicConfigurator.Client", "src\DynamicConfigurator.Client\DynamicConfigurator.Client.csproj", "{CF0896E4-55CF-4BE5-8F5A-67A5EE82324E}"
EndProject
Project("{FAE04EC0-301F-11D3-BF4B-00C04F79EFBC}") = "DynamicConfigurator.Client.Nancy", "src\DynamicConfigurator.Client.Nancy\DynamicConfigurator.Client.Nancy.csproj", "{19466619-5AB8-41C1-BD96-FAF727755418}"
EndProject
Project("{FAE04EC0-301F-11D3-BF4B-00C04F79EFBC}") = "DynamicConfigurator.Server.Api", "src\DynamicConfigurator.Server\DynamicConfigurator.Server.Api.csproj", "{C3803CB9-A69E-4F73-B7B4-BCFA32E8DBB6}"
EndProject
Project("{FAE04EC0-301F-11D3-BF4B-00C04F79EFBC}") = "DynamicConfigurator.Persistence.Mongo", "src\DynamicConfigurator.Persistence.Mongo\DynamicConfigurator.Persistence.Mongo.csproj", "{43CDE872-0F01-4694-ADBF-7AA1D22055B8}"
EndProject
Project("{FAE04EC0-301F-11D3-BF4B-00C04F79EFBC}") = "DynamicConfigurator.Server", "src\DynamicConfigurator.Server.Core\DynamicConfigurator.Server.csproj", "{06287835-F597-4622-9347-8864B397AE5D}"
EndProject
Project("{FAE04EC0-301F-11D3-BF4B-00C04F79EFBC}") = "DynamicConfigurator.Persistence", "src\DynamicConfigurator.Persistence\DynamicConfigurator.Persistence.csproj", "{42883664-D95C-4609-996D-58E152119E09}"
EndProject
Global
	GlobalSection(SolutionConfigurationPlatforms) = preSolution
		Debug|Any CPU = Debug|Any CPU
		Release|Any CPU = Release|Any CPU
	EndGlobalSection
	GlobalSection(ProjectConfigurationPlatforms) = postSolution
		{4EEEDFD1-F40C-4FC8-AF19-28FBB91940E3}.Debug|Any CPU.ActiveCfg = Debug|Any CPU
		{4EEEDFD1-F40C-4FC8-AF19-28FBB91940E3}.Debug|Any CPU.Build.0 = Debug|Any CPU
		{4EEEDFD1-F40C-4FC8-AF19-28FBB91940E3}.Release|Any CPU.ActiveCfg = Release|Any CPU
		{4EEEDFD1-F40C-4FC8-AF19-28FBB91940E3}.Release|Any CPU.Build.0 = Release|Any CPU
		{B35ABE5E-BA8B-4B85-A1E2-4C6CA387CCBA}.Debug|Any CPU.ActiveCfg = Debug|Any CPU
		{B35ABE5E-BA8B-4B85-A1E2-4C6CA387CCBA}.Debug|Any CPU.Build.0 = Debug|Any CPU
		{B35ABE5E-BA8B-4B85-A1E2-4C6CA387CCBA}.Release|Any CPU.ActiveCfg = Release|Any CPU
		{B35ABE5E-BA8B-4B85-A1E2-4C6CA387CCBA}.Release|Any CPU.Build.0 = Release|Any CPU
		{CF0896E4-55CF-4BE5-8F5A-67A5EE82324E}.Debug|Any CPU.ActiveCfg = Debug|Any CPU
		{CF0896E4-55CF-4BE5-8F5A-67A5EE82324E}.Debug|Any CPU.Build.0 = Debug|Any CPU
		{CF0896E4-55CF-4BE5-8F5A-67A5EE82324E}.Release|Any CPU.ActiveCfg = Release|Any CPU
		{CF0896E4-55CF-4BE5-8F5A-67A5EE82324E}.Release|Any CPU.Build.0 = Release|Any CPU
		{19466619-5AB8-41C1-BD96-FAF727755418}.Debug|Any CPU.ActiveCfg = Debug|Any CPU
		{19466619-5AB8-41C1-BD96-FAF727755418}.Debug|Any CPU.Build.0 = Debug|Any CPU
		{19466619-5AB8-41C1-BD96-FAF727755418}.Release|Any CPU.ActiveCfg = Release|Any CPU
		{19466619-5AB8-41C1-BD96-FAF727755418}.Release|Any CPU.Build.0 = Release|Any CPU
		{C3803CB9-A69E-4F73-B7B4-BCFA32E8DBB6}.Debug|Any CPU.ActiveCfg = Debug|Any CPU
		{C3803CB9-A69E-4F73-B7B4-BCFA32E8DBB6}.Debug|Any CPU.Build.0 = Debug|Any CPU
		{C3803CB9-A69E-4F73-B7B4-BCFA32E8DBB6}.Release|Any CPU.ActiveCfg = Release|Any CPU
		{C3803CB9-A69E-4F73-B7B4-BCFA32E8DBB6}.Release|Any CPU.Build.0 = Release|Any CPU
		{43CDE872-0F01-4694-ADBF-7AA1D22055B8}.Debug|Any CPU.ActiveCfg = Debug|Any CPU
		{43CDE872-0F01-4694-ADBF-7AA1D22055B8}.Debug|Any CPU.Build.0 = Debug|Any CPU
		{43CDE872-0F01-4694-ADBF-7AA1D22055B8}.Release|Any CPU.ActiveCfg = Release|Any CPU
		{43CDE872-0F01-4694-ADBF-7AA1D22055B8}.Release|Any CPU.Build.0 = Release|Any CPU
		{06287835-F597-4622-9347-8864B397AE5D}.Debug|Any CPU.ActiveCfg = Debug|Any CPU
		{06287835-F597-4622-9347-8864B397AE5D}.Debug|Any CPU.Build.0 = Debug|Any CPU
		{06287835-F597-4622-9347-8864B397AE5D}.Release|Any CPU.ActiveCfg = Release|Any CPU
		{06287835-F597-4622-9347-8864B397AE5D}.Release|Any CPU.Build.0 = Release|Any CPU
		{42883664-D95C-4609-996D-58E152119E09}.Debug|Any CPU.ActiveCfg = Debug|Any CPU
		{42883664-D95C-4609-996D-58E152119E09}.Debug|Any CPU.Build.0 = Debug|Any CPU
		{42883664-D95C-4609-996D-58E152119E09}.Release|Any CPU.ActiveCfg = Release|Any CPU
		{42883664-D95C-4609-996D-58E152119E09}.Release|Any CPU.Build.0 = Release|Any CPU
	EndGlobalSection
	GlobalSection(SolutionProperties) = preSolution
		HideSolutionNode = FALSE
	EndGlobalSection
	GlobalSection(NestedProjects) = preSolution
		{4EEEDFD1-F40C-4FC8-AF19-28FBB91940E3} = {3E05ED02-B975-4F37-9A98-8B893C13483A}
		{B35ABE5E-BA8B-4B85-A1E2-4C6CA387CCBA} = {3E05ED02-B975-4F37-9A98-8B893C13483A}
		{CF0896E4-55CF-4BE5-8F5A-67A5EE82324E} = {9BF2AF5F-FA46-4148-86D1-29698F76C68E}
		{19466619-5AB8-41C1-BD96-FAF727755418} = {9BF2AF5F-FA46-4148-86D1-29698F76C68E}
		{C3803CB9-A69E-4F73-B7B4-BCFA32E8DBB6} = {9BF2AF5F-FA46-4148-86D1-29698F76C68E}
		{43CDE872-0F01-4694-ADBF-7AA1D22055B8} = {9BF2AF5F-FA46-4148-86D1-29698F76C68E}
		{06287835-F597-4622-9347-8864B397AE5D} = {9BF2AF5F-FA46-4148-86D1-29698F76C68E}
		{42883664-D95C-4609-996D-58E152119E09} = {9BF2AF5F-FA46-4148-86D1-29698F76C68E}
	EndGlobalSection
EndGlobal
